
Microsoft Visual Studio Solution File, Format Version 12.00
# Visual Studio Version 16
VisualStudioVersion = 16.0.30011.22
MinimumVisualStudioVersion = 10.0.40219.1
Project("{9A19103F-16F7-4668-BE54-9A1E7A4F7556}") = "FlightSharpWebSite", "FlightSharpWebSite\FlightSharpWebSite.csproj", "{24EF34D2-BC6E-44B8-914E-4FE95347D698}"
EndProject
Project("{FAE04EC0-301F-11D3-BF4B-00C04F79EFBC}") = "FlightSharpWebSiteTests", "FlightSharpWebSiteTests\FlightSharpWebSiteTests.csproj", "{C2C87933-A2C4-46B4-8770-151CED8CE9AC}"
EndProject
Global
	GlobalSection(SolutionConfigurationPlatforms) = preSolution
		Debug|Any CPU = Debug|Any CPU
		Release|Any CPU = Release|Any CPU
	EndGlobalSection
	GlobalSection(ProjectConfigurationPlatforms) = postSolution
		{24EF34D2-BC6E-44B8-914E-4FE95347D698}.Debug|Any CPU.ActiveCfg = Debug|Any CPU
		{24EF34D2-BC6E-44B8-914E-4FE95347D698}.Debug|Any CPU.Build.0 = Debug|Any CPU
		{24EF34D2-BC6E-44B8-914E-4FE95347D698}.Release|Any CPU.ActiveCfg = Release|Any CPU
		{24EF34D2-BC6E-44B8-914E-4FE95347D698}.Release|Any CPU.Build.0 = Release|Any CPU
		{C2C87933-A2C4-46B4-8770-151CED8CE9AC}.Debug|Any CPU.ActiveCfg = Debug|Any CPU
		{C2C87933-A2C4-46B4-8770-151CED8CE9AC}.Debug|Any CPU.Build.0 = Debug|Any CPU
		{C2C87933-A2C4-46B4-8770-151CED8CE9AC}.Release|Any CPU.ActiveCfg = Release|Any CPU
		{C2C87933-A2C4-46B4-8770-151CED8CE9AC}.Release|Any CPU.Build.0 = Release|Any CPU
	EndGlobalSection
	GlobalSection(SolutionProperties) = preSolution
		HideSolutionNode = FALSE
	EndGlobalSection
	GlobalSection(ExtensibilityGlobals) = postSolution
		SolutionGuid = {54C50117-5350-4866-942E-6D516D4AF5F2}
	EndGlobalSection
EndGlobal
